
Microsoft Visual Studio Solution File, Format Version 12.00
# Visual Studio Version 16
VisualStudioVersion = 16.0.31019.35
MinimumVisualStudioVersion = 10.0.40219.1
Project("{9A19103F-16F7-4668-BE54-9A1E7A4F7556}") = "Accounting", "Accounting\Accounting.csproj", "{B413E518-B3CA-41AE-A597-0110EC228BD0}"
EndProject
Project("{9A19103F-16F7-4668-BE54-9A1E7A4F7556}") = "SalesInvoiceImport.IronOcr", "SalesInvoiceImport.IronOcr\SalesInvoiceImport.IronOcr.csproj", "{1E7BF97B-B14C-470A-AD23-63686DE06BEE}"
EndProject
Project("{9A19103F-16F7-4668-BE54-9A1E7A4F7556}") = "SalesInvoiceToAccountingImport", "SalesInvoiceToAccountingImport\SalesInvoiceToAccountingImport.csproj", "{240DB5AE-B636-4EAF-A972-E42D7F83F414}"
EndProject
Project("{9A19103F-16F7-4668-BE54-9A1E7A4F7556}") = "SalesInvoiceImport.IronOcr.Tests", "SalesInvoiceImport.IronOcr.Tests\SalesInvoiceImport.IronOcr.Tests.csproj", "{087515FC-A1E4-400F-986C-7D0625371F19}"
EndProject
Project("{9A19103F-16F7-4668-BE54-9A1E7A4F7556}") = "Builders", "Builders\Builders.csproj", "{1D28753B-1962-420D-B8C7-8729A2A5DF32}"
EndProject
Project("{2150E333-8FDC-42A3-9474-1A3956D46DE8}") = "Tests", "Tests", "{1751B1E5-0220-419D-9472-9BD6280BEF59}"
EndProject
Project("{FAE04EC0-301F-11D3-BF4B-00C04F79EFBC}") = "Accounting.Tests", "Accounting.Tests\Accounting.Tests.csproj", "{503EC04F-34E6-4328-91C9-4B6810F901B3}"
EndProject
Project("{FAE04EC0-301F-11D3-BF4B-00C04F79EFBC}") = "AccountingEntryImport.CsvHelper", "AccountingEntryImport.CsvHelper\AccountingEntryImport.CsvHelper.csproj", "{F9F4FFF0-3A54-4F6E-B46B-A20F2BD9E49C}"
EndProject
Project("{FAE04EC0-301F-11D3-BF4B-00C04F79EFBC}") = "AccountingEntryImport.CsvHelper.Tests", "AccountingEntryImport.CsvHelper.Tests\AccountingEntryImport.CsvHelper.Tests.csproj", "{26C2C407-E78F-4254-AEFC-D61EB2418BA6}"
EndProject
Global
	GlobalSection(SolutionConfigurationPlatforms) = preSolution
		Debug|Any CPU = Debug|Any CPU
		Release|Any CPU = Release|Any CPU
	EndGlobalSection
	GlobalSection(ProjectConfigurationPlatforms) = postSolution
		{B413E518-B3CA-41AE-A597-0110EC228BD0}.Debug|Any CPU.ActiveCfg = Debug|Any CPU
		{B413E518-B3CA-41AE-A597-0110EC228BD0}.Debug|Any CPU.Build.0 = Debug|Any CPU
		{B413E518-B3CA-41AE-A597-0110EC228BD0}.Release|Any CPU.ActiveCfg = Release|Any CPU
		{B413E518-B3CA-41AE-A597-0110EC228BD0}.Release|Any CPU.Build.0 = Release|Any CPU
		{1E7BF97B-B14C-470A-AD23-63686DE06BEE}.Debug|Any CPU.ActiveCfg = Debug|Any CPU
		{1E7BF97B-B14C-470A-AD23-63686DE06BEE}.Debug|Any CPU.Build.0 = Debug|Any CPU
		{1E7BF97B-B14C-470A-AD23-63686DE06BEE}.Release|Any CPU.ActiveCfg = Release|Any CPU
		{1E7BF97B-B14C-470A-AD23-63686DE06BEE}.Release|Any CPU.Build.0 = Release|Any CPU
		{240DB5AE-B636-4EAF-A972-E42D7F83F414}.Debug|Any CPU.ActiveCfg = Debug|Any CPU
		{240DB5AE-B636-4EAF-A972-E42D7F83F414}.Debug|Any CPU.Build.0 = Debug|Any CPU
		{240DB5AE-B636-4EAF-A972-E42D7F83F414}.Release|Any CPU.ActiveCfg = Release|Any CPU
		{240DB5AE-B636-4EAF-A972-E42D7F83F414}.Release|Any CPU.Build.0 = Release|Any CPU
		{087515FC-A1E4-400F-986C-7D0625371F19}.Debug|Any CPU.ActiveCfg = Debug|Any CPU
		{087515FC-A1E4-400F-986C-7D0625371F19}.Debug|Any CPU.Build.0 = Debug|Any CPU
		{087515FC-A1E4-400F-986C-7D0625371F19}.Release|Any CPU.ActiveCfg = Release|Any CPU
		{087515FC-A1E4-400F-986C-7D0625371F19}.Release|Any CPU.Build.0 = Release|Any CPU
		{1D28753B-1962-420D-B8C7-8729A2A5DF32}.Debug|Any CPU.ActiveCfg = Debug|Any CPU
		{1D28753B-1962-420D-B8C7-8729A2A5DF32}.Debug|Any CPU.Build.0 = Debug|Any CPU
		{1D28753B-1962-420D-B8C7-8729A2A5DF32}.Release|Any CPU.ActiveCfg = Release|Any CPU
		{1D28753B-1962-420D-B8C7-8729A2A5DF32}.Release|Any CPU.Build.0 = Release|Any CPU
		{503EC04F-34E6-4328-91C9-4B6810F901B3}.Debug|Any CPU.ActiveCfg = Debug|Any CPU
		{503EC04F-34E6-4328-91C9-4B6810F901B3}.Debug|Any CPU.Build.0 = Debug|Any CPU
		{503EC04F-34E6-4328-91C9-4B6810F901B3}.Release|Any CPU.ActiveCfg = Release|Any CPU
		{503EC04F-34E6-4328-91C9-4B6810F901B3}.Release|Any CPU.Build.0 = Release|Any CPU
		{F9F4FFF0-3A54-4F6E-B46B-A20F2BD9E49C}.Debug|Any CPU.ActiveCfg = Debug|Any CPU
		{F9F4FFF0-3A54-4F6E-B46B-A20F2BD9E49C}.Debug|Any CPU.Build.0 = Debug|Any CPU
		{F9F4FFF0-3A54-4F6E-B46B-A20F2BD9E49C}.Release|Any CPU.ActiveCfg = Release|Any CPU
		{F9F4FFF0-3A54-4F6E-B46B-A20F2BD9E49C}.Release|Any CPU.Build.0 = Release|Any CPU
		{26C2C407-E78F-4254-AEFC-D61EB2418BA6}.Debug|Any CPU.ActiveCfg = Debug|Any CPU
		{26C2C407-E78F-4254-AEFC-D61EB2418BA6}.Debug|Any CPU.Build.0 = Debug|Any CPU
		{26C2C407-E78F-4254-AEFC-D61EB2418BA6}.Release|Any CPU.ActiveCfg = Release|Any CPU
		{26C2C407-E78F-4254-AEFC-D61EB2418BA6}.Release|Any CPU.Build.0 = Release|Any CPU
	EndGlobalSection
	GlobalSection(SolutionProperties) = preSolution
		HideSolutionNode = FALSE
	EndGlobalSection
	GlobalSection(NestedProjects) = preSolution
		{087515FC-A1E4-400F-986C-7D0625371F19} = {1751B1E5-0220-419D-9472-9BD6280BEF59}
		{1D28753B-1962-420D-B8C7-8729A2A5DF32} = {1751B1E5-0220-419D-9472-9BD6280BEF59}
		{503EC04F-34E6-4328-91C9-4B6810F901B3} = {1751B1E5-0220-419D-9472-9BD6280BEF59}
		{26C2C407-E78F-4254-AEFC-D61EB2418BA6} = {1751B1E5-0220-419D-9472-9BD6280BEF59}
	EndGlobalSection
	GlobalSection(ExtensibilityGlobals) = postSolution
		SolutionGuid = {7D42975C-84FA-4F07-80F5-6F62324A8D4A}
	EndGlobalSection
EndGlobal
